// !$*UTF8*$!
{
	archiveVersion = 1;
	classes = {
	};
	objectVersion = 46;
	objects = {

/* Begin PBXBuildFile section */
		C24A5C5E1CE78472008ABE26 /* AppDelegate.swift in Sources */ = {isa = PBXBuildFile; fileRef = C24A5C5D1CE78472008ABE26 /* AppDelegate.swift */; };
		C24A5C601CE78472008ABE26 /* ViewController.swift in Sources */ = {isa = PBXBuildFile; fileRef = C24A5C5F1CE78472008ABE26 /* ViewController.swift */; };
		C24A5C631CE78472008ABE26 /* Main.storyboard in Resources */ = {isa = PBXBuildFile; fileRef = C24A5C611CE78472008ABE26 /* Main.storyboard */; };
		C24A5C651CE78472008ABE26 /* Assets.xcassets in Resources */ = {isa = PBXBuildFile; fileRef = C24A5C641CE78472008ABE26 /* Assets.xcassets */; };
		C24A5C681CE78472008ABE26 /* LaunchScreen.storyboard in Resources */ = {isa = PBXBuildFile; fileRef = C24A5C661CE78472008ABE26 /* LaunchScreen.storyboard */; };
		C2D4A1BA1CE803CF004CCB50 /* PizzaAnnotation.swift in Sources */ = {isa = PBXBuildFile; fileRef = C2D4A1B91CE803CF004CCB50 /* PizzaAnnotation.swift */; };
/* End PBXBuildFile section */

/* Begin PBXFileReference section */
		C24A5C5A1CE78472008ABE26 /* pizzaHunters.app */ = {isa = PBXFileReference; explicitFileType = wrapper.application; includeInIndex = 0; path = pizzaHunters.app; sourceTree = BUILT_PRODUCTS_DIR; };
		C24A5C5D1CE78472008ABE26 /* AppDelegate.swift */ = {isa = PBXFileReference; lastKnownFileType = sourcecode.swift; path = AppDelegate.swift; sourceTree = "<group>"; };
		C24A5C5F1CE78472008ABE26 /* ViewController.swift */ = {isa = PBXFileReference; lastKnownFileType = sourcecode.swift; path = ViewController.swift; sourceTree = "<group>"; };
		C24A5C621CE78472008ABE26 /* Base */ = {isa = PBXFileReference; lastKnownFileType = file.storyboard; name = Base; path = Base.lproj/Main.storyboard; sourceTree = "<group>"; };
		C24A5C641CE78472008ABE26 /* Assets.xcassets */ = {isa = PBXFileReference; lastKnownFileType = folder.assetcatalog; path = Assets.xcassets; sourceTree = "<group>"; };
		C24A5C671CE78472008ABE26 /* Base */ = {isa = PBXFileReference; lastKnownFileType = file.storyboard; name = Base; path = Base.lproj/LaunchScreen.storyboard; sourceTree = "<group>"; };
		C24A5C691CE78472008ABE26 /* Info.plist */ = {isa = PBXFileReference; lastKnownFileType = text.plist.xml; path = Info.plist; sourceTree = "<group>"; };
		C2D4A1B91CE803CF004CCB50 /* PizzaAnnotation.swift */ = {isa = PBXFileReference; fileEncoding = 4; lastKnownFileType = sourcecode.swift; path = PizzaAnnotation.swift; sourceTree = "<group>"; };
/* End PBXFileReference section */

/* Begin PBXFrameworksBuildPhase section */
		C24A5C571CE78472008ABE26 /* Frameworks */ = {
			isa = PBXFrameworksBuildPhase;
			buildActionMask = 2147483647;
			files = (
			);
			runOnlyForDeploymentPostprocessing = 0;
		};
/* End PBXFrameworksBuildPhase section */

/* Begin PBXGroup section */
		C24A5C511CE78472008ABE26 = {
			isa = PBXGroup;
			children = (
				C24A5C5C1CE78472008ABE26 /* pizzaHunters */,
				C24A5C5B1CE78472008ABE26 /* Products */,
			);
			sourceTree = "<group>";
		};
		C24A5C5B1CE78472008ABE26 /* Products */ = {
			isa = PBXGroup;
			children = (
				C24A5C5A1CE78472008ABE26 /* pizzaHunters.app */,
			);
			name = Products;
			sourceTree = "<group>";
		};
		C24A5C5C1CE78472008ABE26 /* pizzaHunters */ = {
			isa = PBXGroup;
			children = (
				C2D4A1B91CE803CF004CCB50 /* PizzaAnnotation.swift */,
				C24A5C5D1CE78472008ABE26 /* AppDelegate.swift */,
				C24A5C5F1CE78472008ABE26 /* ViewController.swift */,
				C24A5C611CE78472008ABE26 /* Main.storyboard */,
				C24A5C641CE78472008ABE26 /* Assets.xcassets */,
				C24A5C661CE78472008ABE26 /* LaunchScreen.storyboard */,
				C24A5C691CE78472008ABE26 /* Info.plist */,
			);
			path = pizzaHunters;
			sourceTree = "<group>";
		};
/* End PBXGroup section */

/* Begin PBXNativeTarget section */
		C24A5C591CE78472008ABE26 /* pizzaHunters */ = {
			isa = PBXNativeTarget;
			buildConfigurationList = C24A5C6C1CE78472008ABE26 /* Build configuration list for PBXNativeTarget "pizzaHunters" */;
			buildPhases = (
				C24A5C561CE78472008ABE26 /* Sources */,
				C24A5C571CE78472008ABE26 /* Frameworks */,
				C24A5C581CE78472008ABE26 /* Resources */,
			);
			buildRules = (
			);
			dependencies = (
			);
			name = pizzaHunters;
			productName = pizzaHunters;
			productReference = C24A5C5A1CE78472008ABE26 /* pizzaHunters.app */;
			productType = "com.apple.product-type.application";
		};
/* End PBXNativeTarget section */

/* Begin PBXProject section */
		C24A5C521CE78472008ABE26 /* Project object */ = {
			isa = PBXProject;
			attributes = {
				LastSwiftUpdateCheck = 0720;
				LastUpgradeCheck = 0720;
				ORGANIZATIONNAME = "Mateus Da Costa Goncalves";
				TargetAttributes = {
					C24A5C591CE78472008ABE26 = {
						CreatedOnToolsVersion = 7.2.1;
					};
				};
			};
			buildConfigurationList = C24A5C551CE78472008ABE26 /* Build configuration list for PBXProject "pizzaHunters" */;
			compatibilityVersion = "Xcode 3.2";
			developmentRegion = English;
			hasScannedForEncodings = 0;
			knownRegions = (
				en,
				Base,
			);
			mainGroup = C24A5C511CE78472008ABE26;
			productRefGroup = C24A5C5B1CE78472008ABE26 /* Products */;
			projectDirPath = "";
			projectRoot = "";
			targets = (
				C24A5C591CE78472008ABE26 /* pizzaHunters */,
			);
		};
/* End PBXProject section */

/* Begin PBXResourcesBuildPhase section */
		C24A5C581CE78472008ABE26 /* Resources */ = {
			isa = PBXResourcesBuildPhase;
			buildActionMask = 2147483647;
			files = (
				C24A5C681CE78472008ABE26 /* LaunchScreen.storyboard in Resources */,
				C24A5C651CE78472008ABE26 /* Assets.xcassets in Resources */,
				C24A5C631CE78472008ABE26 /* Main.storyboard in Resources */,
			);
			runOnlyForDeploymentPostprocessing = 0;
		};
/* End PBXResourcesBuildPhase section */

/* Begin PBXSourcesBuildPhase section */
		C24A5C561CE78472008ABE26 /* Sources */ = {
			isa = PBXSourcesBuildPhase;
			buildActionMask = 2147483647;
			files = (
				C2D4A1BA1CE803CF004CCB50 /* PizzaAnnotation.swift in Sources */,
				C24A5C601CE78472008ABE26 /* ViewController.swift in Sources */,
				C24A5C5E1CE78472008ABE26 /* AppDelegate.swift in Sources */,
			);
			runOnlyForDeploymentPostprocessing = 0;
		};
/* End PBXSourcesBuildPhase section */

/* Begin PBXVariantGroup section */
		C24A5C611CE78472008ABE26 /* Main.storyboard */ = {
			isa = PBXVariantGroup;
			children = (
				C24A5C621CE78472008ABE26 /* Base */,
			);
			name = Main.storyboard;
			sourceTree = "<group>";
		};
		C24A5C661CE78472008ABE26 /* LaunchScreen.storyboard */ = {
			isa = PBXVariantGroup;
			children = (
				C24A5C671CE78472008ABE26 /* Base */,
			);
			name = LaunchScreen.storyboard;
			sourceTree = "<group>";
		};
/* End PBXVariantGroup section */

/* Begin XCBuildConfiguration section */
		C24A5C6A1CE78472008ABE26 /* Debug */ = {
			isa = XCBuildConfiguration;
			buildSettings = {
				ALWAYS_SEARCH_USER_PATHS = NO;
				CLANG_CXX_LANGUAGE_STANDARD = "gnu++0x";
				CLANG_CXX_LIBRARY = "libc++";
				CLANG_ENABLE_MODULES = YES;
				CLANG_ENABLE_OBJC_ARC = YES;
				CLANG_WARN_BOOL_CONVERSION = YES;
				CLANG_WARN_CONSTANT_CONVERSION = YES;
				CLANG_WARN_DIRECT_OBJC_ISA_USAGE = YES_ERROR;
				CLANG_WARN_EMPTY_BODY = YES;
				CLANG_WARN_ENUM_CONVERSION = YES;
				CLANG_WARN_INT_CONVERSION = YES;
				CLANG_WARN_OBJC_ROOT_CLASS = YES_ERROR;
				CLANG_WARN_UNREACHABLE_CODE = YES;
				CLANG_WARN__DUPLICATE_METHOD_MATCH = YES;
				"CODE_SIGN_IDENTITY[sdk=iphoneos*]" = "iPhone Developer";
				COPY_PHASE_STRIP = NO;
				DEBUG_INFORMATION_FORMAT = dwarf;
				ENABLE_STRICT_OBJC_MSGSEND = YES;
				ENABLE_TESTABILITY = YES;
				GCC_C_LANGUAGE_STANDARD = gnu99;
				GCC_DYNAMIC_NO_PIC = NO;
				GCC_NO_COMMON_BLOCKS = YES;
				GCC_OPTIMIZATION_LEVEL = 0;
				GCC_PREPROCESSOR_DEFINITIONS = (
					"DEBUG=1",
					"$(inherited)",
				);
				GCC_WARN_64_TO_32_BIT_CONVERSION = YES;
				GCC_WARN_ABOUT_RETURN_TYPE = YES_ERROR;
				GCC_WARN_UNDECLARED_SELECTOR = YES;
				GCC_WARN_UNINITIALIZED_AUTOS = YES_AGGRESSIVE;
				GCC_WARN_UNUSED_FUNCTION = YES;
				GCC_WARN_UNUSED_VARIABLE = YES;
				IPHONEOS_DEPLOYMENT_TARGET = 9.2;
				MTL_ENABLE_DEBUG_INFO = YES;
				ONLY_ACTIVE_ARCH = YES;
				SDKROOT = iphoneos;
				SWIFT_OPTIMIZATION_LEVEL = "-Onone";
				TARGETED_DEVICE_FAMILY = "1,2";
			};
			name = Debug;
		};
		C24A5C6B1CE78472008ABE26 /* Release */ = {
			isa = XCBuildConfiguration;
			buildSettings = {
				ALWAYS_SEARCH_USER_PATHS = NO;
				CLANG_CXX_LANGUAGE_STANDARD = "gnu++0x";
				CLANG_CXX_LIBRARY = "libc++";
				CLANG_ENABLE_MODULES = YES;
				CLANG_ENABLE_OBJC_ARC = YES;
				CLANG_WARN_BOOL_CONVERSION = YES;
				CLANG_WARN_CONSTANT_CONVERSION = YES;
				CLANG_WARN_DIRECT_OBJC_ISA_USAGE = YES_ERROR;
				CLANG_WARN_EMPTY_BODY = YES;
				CLANG_WARN_ENUM_CONVERSION = YES;
				CLANG_WARN_INT_CONVERSION = YES;
				CLANG_WARN_OBJC_ROOT_CLASS = YES_ERROR;
				CLANG_WARN_UNREACHABLE_CODE = YES;
				CLANG_WARN__DUPLICATE_METHOD_MATCH = YES;
				"CODE_SIGN_IDENTITY[sdk=iphoneos*]" = "iPhone Developer";
				COPY_PHASE_STRIP = NO;
				DEBUG_INFORMATION_FORMAT = "dwarf-with-dsym";
				ENABLE_NS_ASSERTIONS = NO;
				ENABLE_STRICT_OBJC_MSGSEND = YES;
				GCC_C_LANGUAGE_STANDARD = gnu99;
				GCC_NO_COMMON_BLOCKS = YES;
				GCC_WARN_64_TO_32_BIT_CONVERSION = YES;
				GCC_WARN_ABOUT_RETURN_TYPE = YES_ERROR;
				GCC_WARN_UNDECLARED_SELECTOR = YES;
				GCC_WARN_UNINITIALIZED_AUTOS = YES_AGGRESSIVE;
				GCC_WARN_UNUSED_FUNCTION = YES;
				GCC_WARN_UNUSED_VARIABLE = YES;
				IPHONEOS_DEPLOYMENT_TARGET = 9.2;
				MTL_ENABLE_DEBUG_INFO = NO;
				SDKROOT = iphoneos;
				TARGETED_DEVICE_FAMILY = "1,2";
				VALIDATE_PRODUCT = YES;
			};
			name = Release;
		};
		C24A5C6D1CE78472008ABE26 /* Debug */ = {
			isa = XCBuildConfiguration;
			buildSettings = {
				ASSETCATALOG_COMPILER_APPICON_NAME = AppIcon;
				INFOPLIST_FILE = pizzaHunters/Info.plist;
				LD_RUNPATH_SEARCH_PATHS = "$(inherited) @executable_path/Frameworks";
				PRODUCT_BUNDLE_IDENTIFIER = com.mateus.pizzaHunters;
				PRODUCT_NAME = "$(TARGET_NAME)";
			};
			name = Debug;
		};
		C24A5C6E1CE78472008ABE26 /* Release */ = {
			isa = XCBuildConfiguration;
			buildSettings = {
				ASSETCATALOG_COMPILER_APPICON_NAME = AppIcon;
				INFOPLIST_FILE = pizzaHunters/Info.plist;
				LD_RUNPATH_SEARCH_PATHS = "$(inherited) @executable_path/Frameworks";
				PRODUCT_BUNDLE_IDENTIFIER = com.mateus.pizzaHunters;
				PRODUCT_NAME = "$(TARGET_NAME)";
			};
			name = Release;
		};
/* End XCBuildConfiguration section */

/* Begin XCConfigurationList section */
		C24A5C551CE78472008ABE26 /* Build configuration list for PBXProject "pizzaHunters" */ = {
			isa = XCConfigurationList;
			buildConfigurations = (
				C24A5C6A1CE78472008ABE26 /* Debug */,
				C24A5C6B1CE78472008ABE26 /* Release */,
			);
			defaultConfigurationIsVisible = 0;
			defaultConfigurationName = Release;
		};
		C24A5C6C1CE78472008ABE26 /* Build configuration list for PBXNativeTarget "pizzaHunters" */ = {
			isa = XCConfigurationList;
			buildConfigurations = (
				C24A5C6D1CE78472008ABE26 /* Debug */,
				C24A5C6E1CE78472008ABE26 /* Release */,
			);
			defaultConfigurationIsVisible = 0;
			defaultConfigurationName = Release;
		};
/* End XCConfigurationList section */
	};
	rootObject = C24A5C521CE78472008ABE26 /* Project object */;
}
